{
  "name": "ajs2",
  "version": "1.0.0",
  "lockfileVersion": 2,
  "requires": true,
  "packages": {
    "": {
      "name": "ajs2",
      "version": "1.0.0",
      "license": "ISC",
      "dependencies": {
        "@alexwebart/ajs": "^1.0.0"
      }
    },
    "node_modules/@alexwebart/ajs": {
      "version": "1.0.0",
      "resolved": "https://npm.pkg.github.com/download/@alexwebart/ajs/1.0.0/97815756a45fce5f4fa064c60707eed5d5a28638235967f7071d89d894ac3179",
      "integrity": "sha512-44xSEW7Jny+f77tTbGeiNCEp6nGMDX9E0wVjGercSWXMAsc1l9fTcbA5wrYZpk7GOPFd3jANaFs9GvqqAB8RmQ==",
      "license": "ISC",
      "dependencies": {
        "core-js": "^3.22.7"
      }
    },
    "node_modules/core-js": {
      "version": "3.22.7",
      "resolved": "https://registry.npmjs.org/core-js/-/core-js-3.22.7.tgz",
      "integrity": "sha512-Jt8SReuDKVNZnZEzyEQT5eK6T2RRCXkfTq7Lo09kpm+fHjgGewSbNjV+Wt4yZMhPDdzz2x1ulI5z/w4nxpBseg==",
      "hasInstallScript": true,
      "funding": {
        "type": "opencollective",
        "url": "https://opencollective.com/core-js"
      }
    }
  },
  "dependencies": {
    "@alexwebart/ajs": {
      "version": "1.0.0",
      "resolved": "https://npm.pkg.github.com/download/@alexwebart/ajs/1.0.0/97815756a45fce5f4fa064c60707eed5d5a28638235967f7071d89d894ac3179",
      "integrity": "sha512-44xSEW7Jny+f77tTbGeiNCEp6nGMDX9E0wVjGercSWXMAsc1l9fTcbA5wrYZpk7GOPFd3jANaFs9GvqqAB8RmQ==",
      "requires": {
        "core-js": "^3.22.7"
      }
    },
    "core-js": {
      "version": "3.22.7",
      "resolved": "https://registry.npmjs.org/core-js/-/core-js-3.22.7.tgz",
      "integrity": "sha512-Jt8SReuDKVNZnZEzyEQT5eK6T2RRCXkfTq7Lo09kpm+fHjgGewSbNjV+Wt4yZMhPDdzz2x1ulI5z/w4nxpBseg=="
    }
  }
}
